
Microsoft Visual Studio Solution File, Format Version 12.00
# Visual Studio 14
VisualStudioVersion = 14.0.25420.1
MinimumVisualStudioVersion = 10.0.40219.1
Project("{FAE04EC0-301F-11D3-BF4B-00C04F79EFBC}") = "Network Intrusion Detector", "Network Intrusion Detector\Network Intrusion Detector.csproj", "{D959C529-4203-4804-BE7B-C830A3674ABD}"
EndProject
Project("{2150E333-8FDC-42A3-9474-1A3956D46DE8}") = "Solution Items", "Solution Items", "{78698AE6-C5D3-468A-8315-554F98B126E7}"
EndProject
Global
	GlobalSection(SolutionConfigurationPlatforms) = preSolution
		Debug|Any CPU = Debug|Any CPU
		Release|Any CPU = Release|Any CPU
	EndGlobalSection
	GlobalSection(ProjectConfigurationPlatforms) = postSolution
		{D959C529-4203-4804-BE7B-C830A3674ABD}.Debug|Any CPU.ActiveCfg = Debug|Any CPU
		{D959C529-4203-4804-BE7B-C830A3674ABD}.Debug|Any CPU.Build.0 = Debug|Any CPU
		{D959C529-4203-4804-BE7B-C830A3674ABD}.Release|Any CPU.ActiveCfg = Release|Any CPU
		{D959C529-4203-4804-BE7B-C830A3674ABD}.Release|Any CPU.Build.0 = Release|Any CPU
	EndGlobalSection
	GlobalSection(SolutionProperties) = preSolution
		HideSolutionNode = FALSE
	EndGlobalSection
EndGlobal
